
Microsoft Visual Studio Solution File, Format Version 12.00
# Visual Studio Version 17
VisualStudioVersion = 17.13.35825.156
MinimumVisualStudioVersion = 10.0.40219.1
Project("{FAE04EC0-301F-11D3-BF4B-00C04F79EFBC}") = "CheckinMergeChecker", "CheckinMergeChecker\CheckinMergeChecker.csproj", "{8336CCE5-3D2E-43FB-843D-A4C648F71D02}"
EndProject
Project("{FAE04EC0-301F-11D3-BF4B-00C04F79EFBC}") = "CheckinMergeCheckerTest", "CheckinMergeCheckerTest\CheckinMergeCheckerTest.csproj", "{D832BE1F-CBB3-4306-970F-679B3C06215D}"
EndProject
Project("{FAE04EC0-301F-11D3-BF4B-00C04F79EFBC}") = "AzureMergeChecker", "AzureDevopsServiceRequester\AzureMergeChecker.csproj", "{F1239275-5A74-4DFE-946F-B4FF9C3031A6}"
EndProject
Global
	GlobalSection(SolutionConfigurationPlatforms) = preSolution
		Debug|Any CPU = Debug|Any CPU
		Release|Any CPU = Release|Any CPU
	EndGlobalSection
	GlobalSection(ProjectConfigurationPlatforms) = postSolution
		{8336CCE5-3D2E-43FB-843D-A4C648F71D02}.Debug|Any CPU.ActiveCfg = Debug|Any CPU
		{8336CCE5-3D2E-43FB-843D-A4C648F71D02}.Debug|Any CPU.Build.0 = Debug|Any CPU
		{8336CCE5-3D2E-43FB-843D-A4C648F71D02}.Release|Any CPU.ActiveCfg = Release|Any CPU
		{8336CCE5-3D2E-43FB-843D-A4C648F71D02}.Release|Any CPU.Build.0 = Release|Any CPU
		{D832BE1F-CBB3-4306-970F-679B3C06215D}.Debug|Any CPU.ActiveCfg = Debug|Any CPU
		{D832BE1F-CBB3-4306-970F-679B3C06215D}.Debug|Any CPU.Build.0 = Debug|Any CPU
		{D832BE1F-CBB3-4306-970F-679B3C06215D}.Release|Any CPU.ActiveCfg = Release|Any CPU
		{D832BE1F-CBB3-4306-970F-679B3C06215D}.Release|Any CPU.Build.0 = Release|Any CPU
		{F1239275-5A74-4DFE-946F-B4FF9C3031A6}.Debug|Any CPU.ActiveCfg = Debug|Any CPU
		{F1239275-5A74-4DFE-946F-B4FF9C3031A6}.Debug|Any CPU.Build.0 = Debug|Any CPU
		{F1239275-5A74-4DFE-946F-B4FF9C3031A6}.Release|Any CPU.ActiveCfg = Release|Any CPU
		{F1239275-5A74-4DFE-946F-B4FF9C3031A6}.Release|Any CPU.Build.0 = Release|Any CPU
	EndGlobalSection
	GlobalSection(SolutionProperties) = preSolution
		HideSolutionNode = FALSE
	EndGlobalSection
	GlobalSection(ExtensibilityGlobals) = postSolution
		SolutionGuid = {26472C1F-EA54-4FC0-BE69-E6EDEA4311D3}
	EndGlobalSection
EndGlobal
